hash: eb98ae75747ba68d24088daf810c7c16ef16de67969b1bd8befe66fa6ffb83d8
updated: 2016-12-07T18:22:18.5549405-05:00
imports:
- name: github.com/dghubble/sling
  version: 9024207e2108fcd88df6a4614a19bf524cec4879
- name: github.com/google/go-querystring
  version: 9235644dd9e52eeae6fa48efd539fdc351a0af53
  subpackages:
  - query
testImports: []
